<?xml version="1.0" encoding="utf-8"?>
<Project ToolsVersion="4.0" xmlns="http://schemas.microsoft.com/developer/msbuild/2003">
  <ItemGroup>
    <Filter Include="Form Files">
      <UniqueIdentifier>{99349809-55BA-4b9d-BF79-8FDBB0286EB3}</UniqueIdentifier>
      <Extensions>ui</Extensions>
      <ParseFiles>false</ParseFiles>
    </Filter>
    <Filter Include="Generated Files">
      <UniqueIdentifier>{71ED8ED8-ACB9-4CE9-BBE1-E00B30144E11}</UniqueIdentifier>
      <Extensions>cpp;c;cxx;moc;h;def;odl;idl;res;</Extensions>
    </Filter>
    <Filter Include="Header Files">
      <UniqueIdentifier>{93995380-89BD-4b04-88EB-625FBE52EBFB}</UniqueIdentifier>
      <Extensions>h;hpp;hxx;hm;inl;inc;xsd</Extensions>
    </Filter>
    <Filter Include="Header Files">
      <UniqueIdentifier>{93995380-89BD-4b04-88EB-625FBE52EBFB}</UniqueIdentifier>
      <Extensions>h;hpp;hxx;hm;inl;inc;xsd</Extensions>
    </Filter>
    <Filter Include="Resource Files">
      <UniqueIdentifier>{D9D6E242-F8AF-46E4-B9FD-80ECBC20BA3E}</UniqueIdentifier>
      <Extensions>qrc;*</Extensions>
      <ParseFiles>false</ParseFiles>
    </Filter>
    <Filter Include="Resource Files">
      <UniqueIdentifier>{D9D6E242-F8AF-46E4-B9FD-80ECBC20BA3E}</UniqueIdentifier>
      <Extensions>qrc;*</Extensions>
      <ParseFiles>false</ParseFiles>
    </Filter>
    <Filter Include="Source Files">
      <UniqueIdentifier>{4FC737F1-C7A5-4376-A066-2A32D752A2FF}</UniqueIdentifier>
      <Extensions>cpp;c;cxx;def;odl;idl;hpj;bat;asm;asmx</Extensions>
    </Filter>
    <Filter Include="Source Files">
      <UniqueIdentifier>{4FC737F1-C7A5-4376-A066-2A32D752A2FF}</UniqueIdentifier>
      <Extensions>cpp;c;cxx;def;odl;idl;hpj;bat;asm;asmx</Extensions>
    </Filter>
    <Filter Include="Header Files\wtl">
      <UniqueIdentifier>{710359e2-8ed7-4e99-ae3d-6be2e6d53aab}</UniqueIdentifier>
    </Filter>
  </ItemGroup>
  <ItemGroup>
    <ClCompile Include="..\..\src\GLideNUI\FullscreenResolutions_windows.cpp">
      <Filter>Source Files</Filter>
    </ClCompile>
    <ClCompile Include="..\..\src\GLideNUI\GLideNUI.cpp">
      <Filter>Source Files</Filter>
    </ClCompile>
    <ClCompile Include="..\..\src\GLideNUI\ScreenShot.cpp">
      <Filter>Source Files</Filter>
    </ClCompile>
    <ClCompile Include="..\..\src\GLideNUI\Settings.cpp">
      <Filter>Source Files</Filter>
    </ClCompile>
    <ClCompile Include="..\..\src\GLideNUI\About.cpp">
      <Filter>Source Files</Filter>
    </ClCompile>
    <ClCompile Include="..\..\src\GLideNUI\ConfigDlg.cpp">
      <Filter>Source Files</Filter>
    </ClCompile>
    <ClCompile Include="..\..\src\GLideNUI\GlSettings.cpp">
      <Filter>Source Files</Filter>
    </ClCompile>
    <ClCompile Include="..\..\src\GLideNUI\util.cpp">
      <Filter>Source Files</Filter>
    </ClCompile>
    <ClCompile Include="..\..\src\GLideNUI\FileClass.cpp">
      <Filter>Source Files</Filter>
    </ClCompile>
    <ClCompile Include="..\..\src\GLideNUI\IniFileClass.cpp">
      <Filter>Source Files</Filter>
    </ClCompile>
    <ClCompile Include="..\..\src\GLideNUI\config-video.cpp">
      <Filter>Source Files</Filter>
    </ClCompile>
    <ClCompile Include="..\..\src\GLideNUI\config-tab.cpp">
      <Filter>Source Files</Filter>
    </ClCompile>
    <ClCompile Include="..\..\src\GLideNUI\wtl-BitmapPicture.cpp">
      <Filter>Source Files</Filter>
    </ClCompile>
    <ClCompile Include="..\..\src\GLideNUI\config-overscan.cpp">
      <Filter>Source Files</Filter>
    </ClCompile>
    <ClCompile Include="..\..\src\GLideNUI\config-emulation.cpp">
      <Filter>Source Files</Filter>
    </ClCompile>
  </ItemGroup>
  <ItemGroup>
    <ClInclude Include="..\..\src\GLideNUI\FullscreenResolutions.h">
      <Filter>Header Files</Filter>
    </ClInclude>
    <ClInclude Include="..\..\src\GLideNUI\GLideNUI.h">
      <Filter>Header Files</Filter>
    </ClInclude>
    <ClInclude Include="..\..\src\GLideNUI\Settings.h">
      <Filter>Header Files</Filter>
    </ClInclude>
    <ClInclude Include="..\..\src\GLideNUI\ConfigDlg.h">
      <Filter>Header Files</Filter>
    </ClInclude>
    <ClInclude Include="..\..\src\GLideNUI\util.h">
      <Filter>Header Files</Filter>
    </ClInclude>
    <ClInclude Include="..\..\src\GLideNUI\FileClass.h">
      <Filter>Header Files</Filter>
    </ClInclude>
    <ClInclude Include="..\..\src\GLideNUI\IniFileClass.h">
      <Filter>Header Files</Filter>
    </ClInclude>
    <ClInclude Include="..\..\src\GLideNUI\resource.h">
      <Filter>Resource Files</Filter>
    </ClInclude>
    <ClInclude Include="..\..\src\GLideNUI\config-video.h">
      <Filter>Header Files</Filter>
    </ClInclude>
    <ClInclude Include="..\..\src\GLideNUI\wtl-BitmapPicture.h">
      <Filter>Header Files</Filter>
    </ClInclude>
  </ItemGroup>
  <ItemGroup>
    <None Include="..\..\src\GLideNUI\Icon.ico">
      <Filter>Resource Files</Filter>
    </None>
  </ItemGroup>
  <ItemGroup>
    <ClInclude Include="..\..\src\GLideNUI\WTL\atlapp.h">
      <Filter>Header Files\wtl</Filter>
    </ClInclude>
    <ClInclude Include="..\..\src\GLideNUI\WTL\atlcrack.h">
      <Filter>Header Files\wtl</Filter>
    </ClInclude>
    <ClInclude Include="..\..\src\GLideNUI\WTL\atlctrls.h">
      <Filter>Header Files\wtl</Filter>
    </ClInclude>
    <ClInclude Include="..\..\src\GLideNUI\WTL\atlctrlw.h">
      <Filter>Header Files\wtl</Filter>
    </ClInclude>
    <ClInclude Include="..\..\src\GLideNUI\WTL\atlctrlx.h">
      <Filter>Header Files\wtl</Filter>
    </ClInclude>
    <ClInclude Include="..\..\src\GLideNUI\WTL\atlddx.h">
      <Filter>Header Files\wtl</Filter>
    </ClInclude>
    <ClInclude Include="..\..\src\GLideNUI\WTL\atldlgs.h">
      <Filter>Header Files\wtl</Filter>
    </ClInclude>
    <ClInclude Include="..\..\src\GLideNUI\WTL\atldwm.h">
      <Filter>Header Files\wtl</Filter>
    </ClInclude>
    <ClInclude Include="..\..\src\GLideNUI\WTL\atlfind.h">
      <Filter>Header Files\wtl</Filter>
    </ClInclude>
    <ClInclude Include="..\..\src\GLideNUI\WTL\atlframe.h">
      <Filter>Header Files\wtl</Filter>
    </ClInclude>
    <ClInclude Include="..\..\src\GLideNUI\WTL\atlgdi.h">
      <Filter>Header Files\wtl</Filter>
    </ClInclude>
    <ClInclude Include="..\..\src\GLideNUI\WTL\atlmisc.h">
      <Filter>Header Files\wtl</Filter>
    </ClInclude>
    <ClInclude Include="..\..\src\GLideNUI\WTL\atlprint.h">
      <Filter>Header Files\wtl</Filter>
    </ClInclude>
    <ClInclude Include="..\..\src\GLideNUI\WTL\atlres.h">
      <Filter>Header Files\wtl</Filter>
    </ClInclude>
    <ClInclude Include="..\..\src\GLideNUI\WTL\atlresce.h">
      <Filter>Header Files\wtl</Filter>
    </ClInclude>
    <ClInclude Include="..\..\src\GLideNUI\WTL\atlribbon.h">
      <Filter>Header Files\wtl</Filter>
    </ClInclude>
    <ClInclude Include="..\..\src\GLideNUI\WTL\atlscrl.h">
      <Filter>Header Files\wtl</Filter>
    </ClInclude>
    <ClInclude Include="..\..\src\GLideNUI\WTL\atlsplit.h">
      <Filter>Header Files\wtl</Filter>
    </ClInclude>
    <ClInclude Include="..\..\src\GLideNUI\WTL\atltheme.h">
      <Filter>Header Files\wtl</Filter>
    </ClInclude>
    <ClInclude Include="..\..\src\GLideNUI\WTL\atluser.h">
      <Filter>Header Files\wtl</Filter>
    </ClInclude>
    <ClInclude Include="..\..\src\GLideNUI\WTL\atlwince.h">
      <Filter>Header Files\wtl</Filter>
    </ClInclude>
    <ClInclude Include="..\..\src\GLideNUI\WTL\atlwinx.h">
      <Filter>Header Files\wtl</Filter>
    </ClInclude>
    <ClInclude Include="..\..\src\GLideNUI\About.h">
      <Filter>Header Files</Filter>
    </ClInclude>
    <ClInclude Include="..\..\src\GLideNUI\GlSettings.h">
      <Filter>Header Files</Filter>
    </ClInclude>
  </ItemGroup>
  <ItemGroup>
    <ResourceCompile Include="..\..\src\GLideNUI\GLideNUI.rc">
      <Filter>Resource Files</Filter>
    </ResourceCompile>
  </ItemGroup>
  <ItemGroup>
    <Image Include="Icon.ico" />
  </ItemGroup>
</Project>